
Microsoft Visual Studio Solution File, Format Version 12.00
# Visual Studio Version 17
VisualStudioVersion = 17.0.31903.59
MinimumVisualStudioVersion = 10.0.40219.1
Project("{2150E333-8FDC-42A3-9474-1A3956D46DE8}") = "src", "src", "{827E0CD3-B72D-47B6-A68D-7590B98EB39B}"
EndProject
Project("{FAE04EC0-301F-11D3-BF4B-00C04F79EFBC}") = "IdleNCPO.Abstractions", "src\IdleNCPO.Abstractions\IdleNCPO.Abstractions.csproj", "{43FACBF8-7F7A-49CF-938F-D07CC1B2FD76}"
EndProject
Project("{FAE04EC0-301F-11D3-BF4B-00C04F79EFBC}") = "IdleNCPO.Core", "src\IdleNCPO.Core\IdleNCPO.Core.csproj", "{67456BC7-4B80-46F1-AD39-313E31105AFF}"
EndProject
Project("{FAE04EC0-301F-11D3-BF4B-00C04F79EFBC}") = "IdleNCPO.Data", "src\IdleNCPO.Data\IdleNCPO.Data.csproj", "{B90B3AC0-9DC3-49BF-95AA-5F7BCF64A064}"
EndProject
Project("{FAE04EC0-301F-11D3-BF4B-00C04F79EFBC}") = "IdleNCPO.Shared", "src\IdleNCPO.Shared\IdleNCPO.Shared.csproj", "{BBBD0079-A62E-4E2C-89DD-1C8DE1D27A8E}"
EndProject
Project("{FAE04EC0-301F-11D3-BF4B-00C04F79EFBC}") = "IdleNCPO.Web", "src\IdleNCPO.Web\IdleNCPO.Web.csproj", "{6F706E0E-1F23-490E-850E-0B88B146B91B}"
EndProject
Project("{FAE04EC0-301F-11D3-BF4B-00C04F79EFBC}") = "IdleNCPO.Server", "src\IdleNCPO.Server\IdleNCPO.Server.csproj", "{0BF59F48-4E5D-4633-9377-91C1A1D13780}"
EndProject
Project("{FAE04EC0-301F-11D3-BF4B-00C04F79EFBC}") = "IdleNCPO.Desktop", "src\IdleNCPO.Desktop\IdleNCPO.Desktop.csproj", "{4126117B-CBC2-4716-B800-5660388722E0}"
EndProject
Project("{2150E333-8FDC-42A3-9474-1A3956D46DE8}") = "tests", "tests", "{0AB3BF05-4346-4AA6-1389-037BE0695223}"
EndProject
Project("{FAE04EC0-301F-11D3-BF4B-00C04F79EFBC}") = "IdleNCPO.Abstractions.Tests", "tests\IdleNCPO.Abstractions.Tests\IdleNCPO.Abstractions.Tests.csproj", "{09A91309-71C5-4E86-9AC6-540B50089E06}"
EndProject
Project("{FAE04EC0-301F-11D3-BF4B-00C04F79EFBC}") = "IdleNCPO.Core.Tests", "tests\IdleNCPO.Core.Tests\IdleNCPO.Core.Tests.csproj", "{43B80B48-B9AF-4558-AC9C-BC24A9F56923}"
EndProject
Project("{FAE04EC0-301F-11D3-BF4B-00C04F79EFBC}") = "IdleNCPO.Data.Tests", "tests\IdleNCPO.Data.Tests\IdleNCPO.Data.Tests.csproj", "{9A3F95E5-7C4D-4ED9-BFA2-0F1876DAE6CB}"
EndProject
Global
	GlobalSection(SolutionConfigurationPlatforms) = preSolution
		Debug|Any CPU = Debug|Any CPU
		Debug|x64 = Debug|x64
		Debug|x86 = Debug|x86
		Release|Any CPU = Release|Any CPU
		Release|x64 = Release|x64
		Release|x86 = Release|x86
	EndGlobalSection
	GlobalSection(ProjectConfigurationPlatforms) = postSolution
		{43FACBF8-7F7A-49CF-938F-D07CC1B2FD76}.Debug|Any CPU.ActiveCfg = Debug|Any CPU
		{43FACBF8-7F7A-49CF-938F-D07CC1B2FD76}.Debug|Any CPU.Build.0 = Debug|Any CPU
		{43FACBF8-7F7A-49CF-938F-D07CC1B2FD76}.Debug|x64.ActiveCfg = Debug|Any CPU
		{43FACBF8-7F7A-49CF-938F-D07CC1B2FD76}.Debug|x64.Build.0 = Debug|Any CPU
		{43FACBF8-7F7A-49CF-938F-D07CC1B2FD76}.Debug|x86.ActiveCfg = Debug|Any CPU
		{43FACBF8-7F7A-49CF-938F-D07CC1B2FD76}.Debug|x86.Build.0 = Debug|Any CPU
		{43FACBF8-7F7A-49CF-938F-D07CC1B2FD76}.Release|Any CPU.ActiveCfg = Release|Any CPU
		{43FACBF8-7F7A-49CF-938F-D07CC1B2FD76}.Release|Any CPU.Build.0 = Release|Any CPU
		{43FACBF8-7F7A-49CF-938F-D07CC1B2FD76}.Release|x64.ActiveCfg = Release|Any CPU
		{43FACBF8-7F7A-49CF-938F-D07CC1B2FD76}.Release|x64.Build.0 = Release|Any CPU
		{43FACBF8-7F7A-49CF-938F-D07CC1B2FD76}.Release|x86.ActiveCfg = Release|Any CPU
		{43FACBF8-7F7A-49CF-938F-D07CC1B2FD76}.Release|x86.Build.0 = Release|Any CPU
		{67456BC7-4B80-46F1-AD39-313E31105AFF}.Debug|Any CPU.ActiveCfg = Debug|Any CPU
		{67456BC7-4B80-46F1-AD39-313E31105AFF}.Debug|Any CPU.Build.0 = Debug|Any CPU
		{67456BC7-4B80-46F1-AD39-313E31105AFF}.Debug|x64.ActiveCfg = Debug|Any CPU
		{67456BC7-4B80-46F1-AD39-313E31105AFF}.Debug|x64.Build.0 = Debug|Any CPU
		{67456BC7-4B80-46F1-AD39-313E31105AFF}.Debug|x86.ActiveCfg = Debug|Any CPU
		{67456BC7-4B80-46F1-AD39-313E31105AFF}.Debug|x86.Build.0 = Debug|Any CPU
		{67456BC7-4B80-46F1-AD39-313E31105AFF}.Release|Any CPU.ActiveCfg = Release|Any CPU
		{67456BC7-4B80-46F1-AD39-313E31105AFF}.Release|Any CPU.Build.0 = Release|Any CPU
		{67456BC7-4B80-46F1-AD39-313E31105AFF}.Release|x64.ActiveCfg = Release|Any CPU
		{67456BC7-4B80-46F1-AD39-313E31105AFF}.Release|x64.Build.0 = Release|Any CPU
		{67456BC7-4B80-46F1-AD39-313E31105AFF}.Release|x86.ActiveCfg = Release|Any CPU
		{67456BC7-4B80-46F1-AD39-313E31105AFF}.Release|x86.Build.0 = Release|Any CPU
		{B90B3AC0-9DC3-49BF-95AA-5F7BCF64A064}.Debug|Any CPU.ActiveCfg = Debug|Any CPU
		{B90B3AC0-9DC3-49BF-95AA-5F7BCF64A064}.Debug|Any CPU.Build.0 = Debug|Any CPU
		{B90B3AC0-9DC3-49BF-95AA-5F7BCF64A064}.Debug|x64.ActiveCfg = Debug|Any CPU
		{B90B3AC0-9DC3-49BF-95AA-5F7BCF64A064}.Debug|x64.Build.0 = Debug|Any CPU
		{B90B3AC0-9DC3-49BF-95AA-5F7BCF64A064}.Debug|x86.ActiveCfg = Debug|Any CPU
		{B90B3AC0-9DC3-49BF-95AA-5F7BCF64A064}.Debug|x86.Build.0 = Debug|Any CPU
		{B90B3AC0-9DC3-49BF-95AA-5F7BCF64A064}.Release|Any CPU.ActiveCfg = Release|Any CPU
		{B90B3AC0-9DC3-49BF-95AA-5F7BCF64A064}.Release|Any CPU.Build.0 = Release|Any CPU
		{B90B3AC0-9DC3-49BF-95AA-5F7BCF64A064}.Release|x64.ActiveCfg = Release|Any CPU
		{B90B3AC0-9DC3-49BF-95AA-5F7BCF64A064}.Release|x64.Build.0 = Release|Any CPU
		{B90B3AC0-9DC3-49BF-95AA-5F7BCF64A064}.Release|x86.ActiveCfg = Release|Any CPU
		{B90B3AC0-9DC3-49BF-95AA-5F7BCF64A064}.Release|x86.Build.0 = Release|Any CPU
		{BBBD0079-A62E-4E2C-89DD-1C8DE1D27A8E}.Debug|Any CPU.ActiveCfg = Debug|Any CPU
		{BBBD0079-A62E-4E2C-89DD-1C8DE1D27A8E}.Debug|Any CPU.Build.0 = Debug|Any CPU
		{BBBD0079-A62E-4E2C-89DD-1C8DE1D27A8E}.Debug|x64.ActiveCfg = Debug|Any CPU
		{BBBD0079-A62E-4E2C-89DD-1C8DE1D27A8E}.Debug|x64.Build.0 = Debug|Any CPU
		{BBBD0079-A62E-4E2C-89DD-1C8DE1D27A8E}.Debug|x86.ActiveCfg = Debug|Any CPU
		{BBBD0079-A62E-4E2C-89DD-1C8DE1D27A8E}.Debug|x86.Build.0 = Debug|Any CPU
		{BBBD0079-A62E-4E2C-89DD-1C8DE1D27A8E}.Release|Any CPU.ActiveCfg = Release|Any CPU
		{BBBD0079-A62E-4E2C-89DD-1C8DE1D27A8E}.Release|Any CPU.Build.0 = Release|Any CPU
		{BBBD0079-A62E-4E2C-89DD-1C8DE1D27A8E}.Release|x64.ActiveCfg = Release|Any CPU
		{BBBD0079-A62E-4E2C-89DD-1C8DE1D27A8E}.Release|x64.Build.0 = Release|Any CPU
		{BBBD0079-A62E-4E2C-89DD-1C8DE1D27A8E}.Release|x86.ActiveCfg = Release|Any CPU
		{BBBD0079-A62E-4E2C-89DD-1C8DE1D27A8E}.Release|x86.Build.0 = Release|Any CPU
		{6F706E0E-1F23-490E-850E-0B88B146B91B}.Debug|Any CPU.ActiveCfg = Debug|Any CPU
		{6F706E0E-1F23-490E-850E-0B88B146B91B}.Debug|Any CPU.Build.0 = Debug|Any CPU
		{6F706E0E-1F23-490E-850E-0B88B146B91B}.Debug|x64.ActiveCfg = Debug|Any CPU
		{6F706E0E-1F23-490E-850E-0B88B146B91B}.Debug|x64.Build.0 = Debug|Any CPU
		{6F706E0E-1F23-490E-850E-0B88B146B91B}.Debug|x86.ActiveCfg = Debug|Any CPU
		{6F706E0E-1F23-490E-850E-0B88B146B91B}.Debug|x86.Build.0 = Debug|Any CPU
		{6F706E0E-1F23-490E-850E-0B88B146B91B}.Release|Any CPU.ActiveCfg = Release|Any CPU
		{6F706E0E-1F23-490E-850E-0B88B146B91B}.Release|Any CPU.Build.0 = Release|Any CPU
		{6F706E0E-1F23-490E-850E-0B88B146B91B}.Release|x64.ActiveCfg = Release|Any CPU
		{6F706E0E-1F23-490E-850E-0B88B146B91B}.Release|x64.Build.0 = Release|Any CPU
		{6F706E0E-1F23-490E-850E-0B88B146B91B}.Release|x86.ActiveCfg = Release|Any CPU
		{6F706E0E-1F23-490E-850E-0B88B146B91B}.Release|x86.Build.0 = Release|Any CPU
		{0BF59F48-4E5D-4633-9377-91C1A1D13780}.Debug|Any CPU.ActiveCfg = Debug|Any CPU
		{0BF59F48-4E5D-4633-9377-91C1A1D13780}.Debug|Any CPU.Build.0 = Debug|Any CPU
		{0BF59F48-4E5D-4633-9377-91C1A1D13780}.Debug|x64.ActiveCfg = Debug|Any CPU
		{0BF59F48-4E5D-4633-9377-91C1A1D13780}.Debug|x64.Build.0 = Debug|Any CPU
		{0BF59F48-4E5D-4633-9377-91C1A1D13780}.Debug|x86.ActiveCfg = Debug|Any CPU
		{0BF59F48-4E5D-4633-9377-91C1A1D13780}.Debug|x86.Build.0 = Debug|Any CPU
		{0BF59F48-4E5D-4633-9377-91C1A1D13780}.Release|Any CPU.ActiveCfg = Release|Any CPU
		{0BF59F48-4E5D-4633-9377-91C1A1D13780}.Release|Any CPU.Build.0 = Release|Any CPU
		{0BF59F48-4E5D-4633-9377-91C1A1D13780}.Release|x64.ActiveCfg = Release|Any CPU
		{0BF59F48-4E5D-4633-9377-91C1A1D13780}.Release|x64.Build.0 = Release|Any CPU
		{0BF59F48-4E5D-4633-9377-91C1A1D13780}.Release|x86.ActiveCfg = Release|Any CPU
		{0BF59F48-4E5D-4633-9377-91C1A1D13780}.Release|x86.Build.0 = Release|Any CPU
		{4126117B-CBC2-4716-B800-5660388722E0}.Debug|Any CPU.ActiveCfg = Debug|Any CPU
		{4126117B-CBC2-4716-B800-5660388722E0}.Debug|Any CPU.Build.0 = Debug|Any CPU
		{4126117B-CBC2-4716-B800-5660388722E0}.Debug|x64.ActiveCfg = Debug|Any CPU
		{4126117B-CBC2-4716-B800-5660388722E0}.Debug|x64.Build.0 = Debug|Any CPU
		{4126117B-CBC2-4716-B800-5660388722E0}.Debug|x86.ActiveCfg = Debug|Any CPU
		{4126117B-CBC2-4716-B800-5660388722E0}.Debug|x86.Build.0 = Debug|Any CPU
		{4126117B-CBC2-4716-B800-5660388722E0}.Release|Any CPU.ActiveCfg = Release|Any CPU
		{4126117B-CBC2-4716-B800-5660388722E0}.Release|Any CPU.Build.0 = Release|Any CPU
		{4126117B-CBC2-4716-B800-5660388722E0}.Release|x64.ActiveCfg = Release|Any CPU
		{4126117B-CBC2-4716-B800-5660388722E0}.Release|x64.Build.0 = Release|Any CPU
		{4126117B-CBC2-4716-B800-5660388722E0}.Release|x86.ActiveCfg = Release|Any CPU
		{4126117B-CBC2-4716-B800-5660388722E0}.Release|x86.Build.0 = Release|Any CPU
		{09A91309-71C5-4E86-9AC6-540B50089E06}.Debug|Any CPU.ActiveCfg = Debug|Any CPU
		{09A91309-71C5-4E86-9AC6-540B50089E06}.Debug|Any CPU.Build.0 = Debug|Any CPU
		{09A91309-71C5-4E86-9AC6-540B50089E06}.Debug|x64.ActiveCfg = Debug|Any CPU
		{09A91309-71C5-4E86-9AC6-540B50089E06}.Debug|x64.Build.0 = Debug|Any CPU
		{09A91309-71C5-4E86-9AC6-540B50089E06}.Debug|x86.ActiveCfg = Debug|Any CPU
		{09A91309-71C5-4E86-9AC6-540B50089E06}.Debug|x86.Build.0 = Debug|Any CPU
		{09A91309-71C5-4E86-9AC6-540B50089E06}.Release|Any CPU.ActiveCfg = Release|Any CPU
		{09A91309-71C5-4E86-9AC6-540B50089E06}.Release|Any CPU.Build.0 = Release|Any CPU
		{09A91309-71C5-4E86-9AC6-540B50089E06}.Release|x64.ActiveCfg = Release|Any CPU
		{09A91309-71C5-4E86-9AC6-540B50089E06}.Release|x64.Build.0 = Release|Any CPU
		{09A91309-71C5-4E86-9AC6-540B50089E06}.Release|x86.ActiveCfg = Release|Any CPU
		{09A91309-71C5-4E86-9AC6-540B50089E06}.Release|x86.Build.0 = Release|Any CPU
		{43B80B48-B9AF-4558-AC9C-BC24A9F56923}.Debug|Any CPU.ActiveCfg = Debug|Any CPU
		{43B80B48-B9AF-4558-AC9C-BC24A9F56923}.Debug|Any CPU.Build.0 = Debug|Any CPU
		{43B80B48-B9AF-4558-AC9C-BC24A9F56923}.Debug|x64.ActiveCfg = Debug|Any CPU
		{43B80B48-B9AF-4558-AC9C-BC24A9F56923}.Debug|x64.Build.0 = Debug|Any CPU
		{43B80B48-B9AF-4558-AC9C-BC24A9F56923}.Debug|x86.ActiveCfg = Debug|Any CPU
		{43B80B48-B9AF-4558-AC9C-BC24A9F56923}.Debug|x86.Build.0 = Debug|Any CPU
		{43B80B48-B9AF-4558-AC9C-BC24A9F56923}.Release|Any CPU.ActiveCfg = Release|Any CPU
		{43B80B48-B9AF-4558-AC9C-BC24A9F56923}.Release|Any CPU.Build.0 = Release|Any CPU
		{43B80B48-B9AF-4558-AC9C-BC24A9F56923}.Release|x64.ActiveCfg = Release|Any CPU
		{43B80B48-B9AF-4558-AC9C-BC24A9F56923}.Release|x64.Build.0 = Release|Any CPU
		{43B80B48-B9AF-4558-AC9C-BC24A9F56923}.Release|x86.ActiveCfg = Release|Any CPU
		{43B80B48-B9AF-4558-AC9C-BC24A9F56923}.Release|x86.Build.0 = Release|Any CPU
		{9A3F95E5-7C4D-4ED9-BFA2-0F1876DAE6CB}.Debug|Any CPU.ActiveCfg = Debug|Any CPU
		{9A3F95E5-7C4D-4ED9-BFA2-0F1876DAE6CB}.Debug|Any CPU.Build.0 = Debug|Any CPU
		{9A3F95E5-7C4D-4ED9-BFA2-0F1876DAE6CB}.Debug|x64.ActiveCfg = Debug|Any CPU
		{9A3F95E5-7C4D-4ED9-BFA2-0F1876DAE6CB}.Debug|x64.Build.0 = Debug|Any CPU
		{9A3F95E5-7C4D-4ED9-BFA2-0F1876DAE6CB}.Debug|x86.ActiveCfg = Debug|Any CPU
		{9A3F95E5-7C4D-4ED9-BFA2-0F1876DAE6CB}.Debug|x86.Build.0 = Debug|Any CPU
		{9A3F95E5-7C4D-4ED9-BFA2-0F1876DAE6CB}.Release|Any CPU.ActiveCfg = Release|Any CPU
		{9A3F95E5-7C4D-4ED9-BFA2-0F1876DAE6CB}.Release|Any CPU.Build.0 = Release|Any CPU
		{9A3F95E5-7C4D-4ED9-BFA2-0F1876DAE6CB}.Release|x64.ActiveCfg = Release|Any CPU
		{9A3F95E5-7C4D-4ED9-BFA2-0F1876DAE6CB}.Release|x64.Build.0 = Release|Any CPU
		{9A3F95E5-7C4D-4ED9-BFA2-0F1876DAE6CB}.Release|x86.ActiveCfg = Release|Any CPU
		{9A3F95E5-7C4D-4ED9-BFA2-0F1876DAE6CB}.Release|x86.Build.0 = Release|Any CPU
	EndGlobalSection
	GlobalSection(SolutionProperties) = preSolution
		HideSolutionNode = FALSE
	EndGlobalSection
	GlobalSection(NestedProjects) = preSolution
		{43FACBF8-7F7A-49CF-938F-D07CC1B2FD76} = {827E0CD3-B72D-47B6-A68D-7590B98EB39B}
		{67456BC7-4B80-46F1-AD39-313E31105AFF} = {827E0CD3-B72D-47B6-A68D-7590B98EB39B}
		{B90B3AC0-9DC3-49BF-95AA-5F7BCF64A064} = {827E0CD3-B72D-47B6-A68D-7590B98EB39B}
		{BBBD0079-A62E-4E2C-89DD-1C8DE1D27A8E} = {827E0CD3-B72D-47B6-A68D-7590B98EB39B}
		{6F706E0E-1F23-490E-850E-0B88B146B91B} = {827E0CD3-B72D-47B6-A68D-7590B98EB39B}
		{0BF59F48-4E5D-4633-9377-91C1A1D13780} = {827E0CD3-B72D-47B6-A68D-7590B98EB39B}
		{4126117B-CBC2-4716-B800-5660388722E0} = {827E0CD3-B72D-47B6-A68D-7590B98EB39B}
		{09A91309-71C5-4E86-9AC6-540B50089E06} = {0AB3BF05-4346-4AA6-1389-037BE0695223}
		{43B80B48-B9AF-4558-AC9C-BC24A9F56923} = {0AB3BF05-4346-4AA6-1389-037BE0695223}
		{9A3F95E5-7C4D-4ED9-BFA2-0F1876DAE6CB} = {0AB3BF05-4346-4AA6-1389-037BE0695223}
	EndGlobalSection
EndGlobal
